hash: dc42b687b4c5e055641fe26722447efa4a89ef5e4be72f8986f60b35bb995f36
updated: 2017-03-15T14:55:18.937446375Z
imports:
- name: github.com/apache/thrift
  version: 6582757752e62efea3f9786dddf0260efaa1f450
  subpackages:
  - lib/go/thrift
- name: github.com/beorn7/perks
  version: 4c0e84591b9aa9e6dcfdf3e020114cd81f89d5f9
  subpackages:
  - quantile
- name: github.com/coredns/coredns
  version: 5ac6020f45786d937ba754a61ed63f86ad4f7d0d
  subpackages:
  - coremain
  - core/dnsserver
  - middleware/auto
  - middleware/bind
  - middleware/cache
  - middleware/errors
  - middleware/file
  - middleware/health
  - middleware/loadbalance
  - middleware/log
  - middleware/proxy
  - middleware/reverse
  - middleware
  - request
  - middleware/metrics/vars
  - middleware/pkg/edns
  - middleware/pkg/rcode
  - pb
  - middleware/metrics
  - middleware/pkg/dnsutil
  - middleware/pkg/response
  - middleware/file/tree
  - middleware/pkg/dnsrecorder
  - middleware/pkg/replacer
  - middleware/pkg/debug
  - middleware/pkg/singleflight
  - middleware/pkg/tls
  - middleware/trace
  - middleware/etcd/msg
- name: github.com/davecgh/go-spew
  version: 346938d642f2ec3594ed81d874461961cd0faa76
  subpackages:
  - spew
- name: github.com/eapache/go-resiliency
  version: b86b1ec0dd4209a588dc1285cdd471e73525c0b3
  subpackages:
  - breaker
- name: github.com/eapache/go-xerial-snappy
  version: bb955e01b9346ac19dc29eb16586c90ded99a98c
- name: github.com/eapache/queue
  version: 44cc805cf13205b55f69e14bcb69867d1ae92f98
- name: github.com/flynn/go-shlex
  version: 3f9db97f856818214da2e1057f8ad84803971cff
- name: github.com/fsnotify/fsnotify
  version: 7d7316ed6e1ed2de075aab8dfc76de5d158d66e1
- name: github.com/go-logfmt/logfmt
  version: 390ab7935ee28ec6b286364bba9b4dd6410cb3d5
- name: github.com/gogo/protobuf
  version: 100ba4e885062801d56799d78530b73b178a78f3
  subpackages:
  - proto
- name: github.com/golang/protobuf
  version: c9c7427a2a70d2eb3bafa0ab2dc163e45f143317
  subpackages:
  - proto
- name: github.com/golang/snappy
  version: 553a641470496b2327abcac10b36396bd98e45c9
- name: github.com/grpc-ecosystem/grpc-opentracing
  version: ef7d6c8df7564c20c0a19ed9737f6d67990c61fa
  subpackages:
  - go/otgrpc
- name: github.com/hashicorp/go-syslog
  version: b609c7d9de4658cded34a7336b90886c56f9dbdb
- name: github.com/hashicorp/golang-lru
  version: 0a025b7e63adc15a622f29b0b2c4c3848243bbf6
  subpackages:
  - simplelru
- name: github.com/klauspost/crc32
  version: 1bab8b35b6bb565f92cbc97939610af9369f942a
- name: github.com/kr/logfmt
  version: b84e30acd515aadc4b783ad4ff83aff3299bdfe0
- name: github.com/matttproud/golang_protobuf_extensions
  version: c12348ce28de40eed0136aa2b644d0ee0650e56c
  subpackages:
  - pbutil
- name: github.com/mholt/caddy
  version: a148b923810f2c10f6015d1db82666d6b1aaf7a7
  subpackages:
  - caddyfile
- name: github.com/miekg/dns
  version: c862b7e359850847d4945cce311db2ea90cab7c0
- name: github.com/mitchellh/goamz
  version: caaaea8b30ee15616494ee68abd5d8ebbbef05cf
  subpackages:
  - aws
  - ec2
- name: github.com/opentracing/opentracing-go
  version: 6edb48674bd9467b8e91fda004f2bd7202d60ce4
  subpackages:
  - ext
  - log
- name: github.com/openzipkin/zipkin-go-opentracing
  version: c05f3400653380a1e1584a3c519f3bea88a935b3
  subpackages:
  - _thrift/gen-go/scribe
  - _thrift/gen-go/zipkincore
  - flag
  - types
  - wire
- name: github.com/pierrec/lz4
  version: 90290f74b1b4d9c097f0a3b3c7eba2ef3875c699
- name: github.com/pierrec/xxHash
  version: 5a004441f897722c627870a981d02b29924215fa
  subpackages:
  - xxHash32
- name: github.com/pkg/errors
  version: 645ef00459ed84a119197bfb8d8205042c6df63d
- name: github.com/prometheus/client_golang
  version: a5060f1eaab721946b185b2de468ff83ea5b89cb
  subpackages:
  - prometheus
- name: github.com/prometheus/client_model
  version: 6f3806018612930941127f2a7c6c453ba2c527d2
  subpackages:
  - go
- name: github.com/prometheus/common
  version: 49fee292b27bfff7f354ee0f64e1bc4850462edf
  subpackages:
  - expfmt
  - model
  - internal/bitbucket.org/ww/goautoneg
- name: github.com/prometheus/procfs
  version: a1dba9ce8baed984a2495b658c82687f8157b98f
  subpackages:
  - xfs
- name: github.com/rcrowley/go-metrics
  version: 1f30fe9094a513ce4c700b9a54458bbb0c96996c
- name: github.com/Shopify/sarama
  version: 3efb95dad8fbcd194d3c06f7b9c40eabeb719b36
- name: github.com/urfave/cli
  version: 0bdeddeeb0f650497d603c4ad7b20cfe685682f6
- name: github.com/vaughan0/go-ini
  version: a98ad7ee00ec53921f08832bc06ecf7fd600e6a1
- name: golang.org/x/net
  version: a6577fac2d73be281a500b310739095313165611
  subpackages:
  - context
  - http2
  - trace
  - http2/hpack
  - idna
  - lex/httplex
  - internal/timeseries
- name: golang.org/x/sys
  version: 99f16d856c9836c42d24e7ab64ea72916925fa97
  subpackages:
  - unix
- name: google.golang.org/grpc
  version: cdee119ee21e61eef7093a41ba148fa83585e143
  subpackages:
  - peer
  - credentials
  - codes
  - grpclog
  - internal
  - keepalive
  - metadata
  - naming
  - stats
  - tap
  - transport
testImports: []
